
Microsoft Visual Studio Solution File, Format Version 12.00
# Visual Studio Version 16
VisualStudioVersion = 16.0.29709.97
MinimumVisualStudioVersion = 10.0.40219.1
Project("{FAE04EC0-301F-11D3-BF4B-00C04F79EFBC}") = "Busskort", "Busskort\Busskort.csproj", "{071EFBC3-EDD9-4EB4-8A97-22A4254CC602}"
EndProject
Project("{FAE04EC0-301F-11D3-BF4B-00C04F79EFBC}") = "BusskortService", "BusskortService\BusskortService.csproj", "{1681F3E1-B8D9-47CD-8B7B-85A2F294BA03}"
EndProject
Global
	GlobalSection(SolutionConfigurationPlatforms) = preSolution
		Debug|Any CPU = Debug|Any CPU
		Release|Any CPU = Release|Any CPU
	EndGlobalSection
	GlobalSection(ProjectConfigurationPlatforms) = postSolution
		{071EFBC3-EDD9-4EB4-8A97-22A4254CC602}.Debug|Any CPU.ActiveCfg = Debug|Any CPU
		{071EFBC3-EDD9-4EB4-8A97-22A4254CC602}.Debug|Any CPU.Build.0 = Debug|Any CPU
		{071EFBC3-EDD9-4EB4-8A97-22A4254CC602}.Release|Any CPU.ActiveCfg = Release|Any CPU
		{071EFBC3-EDD9-4EB4-8A97-22A4254CC602}.Release|Any CPU.Build.0 = Release|Any CPU
		{1681F3E1-B8D9-47CD-8B7B-85A2F294BA03}.Debug|Any CPU.ActiveCfg = Debug|Any CPU
		{1681F3E1-B8D9-47CD-8B7B-85A2F294BA03}.Debug|Any CPU.Build.0 = Debug|Any CPU
		{1681F3E1-B8D9-47CD-8B7B-85A2F294BA03}.Release|Any CPU.ActiveCfg = Release|Any CPU
		{1681F3E1-B8D9-47CD-8B7B-85A2F294BA03}.Release|Any CPU.Build.0 = Release|Any CPU
	EndGlobalSection
	GlobalSection(SolutionProperties) = preSolution
		HideSolutionNode = FALSE
	EndGlobalSection
	GlobalSection(ExtensibilityGlobals) = postSolution
		SolutionGuid = {82B3D664-E72B-4E00-A7EA-BFD9C89539A4}
	EndGlobalSection
EndGlobal
